
Microsoft Visual Studio Solution File, Format Version 12.00
# Visual Studio Version 17
VisualStudioVersion = 17.8.34330.188
MinimumVisualStudioVersion = 10.0.40219.1
Project("{9A19103F-16F7-4668-BE54-9A1E7A4F7556}") = "AppleStoreIdentity", "AppleStoreIdentity\AppleStoreIdentity.csproj", "{CDD94FDA-AE74-4700-93E6-358BB970AF7C}"
EndProject
Global
	GlobalSection(SolutionConfigurationPlatforms) = preSolution
		Debug|Any CPU = Debug|Any CPU
		Release|Any CPU = Release|Any CPU
	EndGlobalSection
	GlobalSection(ProjectConfigurationPlatforms) = postSolution
		{CDD94FDA-AE74-4700-93E6-358BB970AF7C}.Debug|Any CPU.ActiveCfg = Debug|Any CPU
		{CDD94FDA-AE74-4700-93E6-358BB970AF7C}.Debug|Any CPU.Build.0 = Debug|Any CPU
		{CDD94FDA-AE74-4700-93E6-358BB970AF7C}.Release|Any CPU.ActiveCfg = Release|Any CPU
		{CDD94FDA-AE74-4700-93E6-358BB970AF7C}.Release|Any CPU.Build.0 = Release|Any CPU
	EndGlobalSection
	GlobalSection(SolutionProperties) = preSolution
		HideSolutionNode = FALSE
	EndGlobalSection
	GlobalSection(ExtensibilityGlobals) = postSolution
		SolutionGuid = {08C7543C-016A-460A-85C4-24375987727D}
	EndGlobalSection
EndGlobal
